
Microsoft Visual Studio Solution File, Format Version 12.00
# Visual Studio Version 17
VisualStudioVersion = 17.0.32126.317
MinimumVisualStudioVersion = 10.0.40219.1
Project("{9A19103F-16F7-4668-BE54-9A1E7A4F7556}") = "IconViewer.View", "IconViewer.View\IconViewer.View.csproj", "{4A88C264-BECB-482E-AF41-91DFEFD50399}"
EndProject
Project("{9A19103F-16F7-4668-BE54-9A1E7A4F7556}") = "IconViewer.Logic", "IconViewer.Logic\IconViewer.Logic.csproj", "{DA1A8E12-B3F0-4B4C-B499-18A65A095F13}"
EndProject
Global
	GlobalSection(SolutionConfigurationPlatforms) = preSolution
		Debug|Any CPU = Debug|Any CPU
		Release|Any CPU = Release|Any CPU
	EndGlobalSection
	GlobalSection(ProjectConfigurationPlatforms) = postSolution
		{4A88C264-BECB-482E-AF41-91DFEFD50399}.Debug|Any CPU.ActiveCfg = Debug|Any CPU
		{4A88C264-BECB-482E-AF41-91DFEFD50399}.Debug|Any CPU.Build.0 = Debug|Any CPU
		{4A88C264-BECB-482E-AF41-91DFEFD50399}.Release|Any CPU.ActiveCfg = Release|Any CPU
		{4A88C264-BECB-482E-AF41-91DFEFD50399}.Release|Any CPU.Build.0 = Release|Any CPU
		{DA1A8E12-B3F0-4B4C-B499-18A65A095F13}.Debug|Any CPU.ActiveCfg = Debug|Any CPU
		{DA1A8E12-B3F0-4B4C-B499-18A65A095F13}.Debug|Any CPU.Build.0 = Debug|Any CPU
		{DA1A8E12-B3F0-4B4C-B499-18A65A095F13}.Release|Any CPU.ActiveCfg = Release|Any CPU
		{DA1A8E12-B3F0-4B4C-B499-18A65A095F13}.Release|Any CPU.Build.0 = Release|Any CPU
	EndGlobalSection
	GlobalSection(SolutionProperties) = preSolution
		HideSolutionNode = FALSE
	EndGlobalSection
	GlobalSection(ExtensibilityGlobals) = postSolution
		SolutionGuid = {75DEFDEF-2802-4104-ABAA-63081614D177}
	EndGlobalSection
EndGlobal
